
Microsoft Visual Studio Solution File, Format Version 12.00
# Visual Studio Version 17
VisualStudioVersion = 17.3.32922.545
MinimumVisualStudioVersion = 10.0.40219.1
Project("{888888A0-9F3D-457C-B088-3A5042F75D52}") = "General Web trawler", "General Web trawler\General Web trawler.pyproj", "{2CD555F3-CB7F-4EC5-BBB1-A96910B813D2}"
EndProject
Global
	GlobalSection(SolutionConfigurationPlatforms) = preSolution
		Debug|Any CPU = Debug|Any CPU
		Release|Any CPU = Release|Any CPU
	EndGlobalSection
	GlobalSection(ProjectConfigurationPlatforms) = postSolution
		{2CD555F3-CB7F-4EC5-BBB1-A96910B813D2}.Debug|Any CPU.ActiveCfg = Debug|Any CPU
		{2CD555F3-CB7F-4EC5-BBB1-A96910B813D2}.Release|Any CPU.ActiveCfg = Release|Any CPU
	EndGlobalSection
	GlobalSection(SolutionProperties) = preSolution
		HideSolutionNode = FALSE
	EndGlobalSection
	GlobalSection(ExtensibilityGlobals) = postSolution
		SolutionGuid = {EA33A2CB-C3C4-4973-88E0-96F997D95E46}
	EndGlobalSection
EndGlobal
